// !$*UTF8*$!
{
	archiveVersion = 1;
	classes = {
	};
	objectVersion = 56;
	objects = {

/* Begin PBXBuildFile section */
		7010E40F2BC6B86F0048D08F /* config.swift in Sources */ = {isa = PBXBuildFile; fileRef = 7010E40E2BC6B86F0048D08F /* config.swift */; };
		7025FA2B2BFF2264001ADED8 /* ListOfFavoriteRecipeViewController.swift in Sources */ = {isa = PBXBuildFile; fileRef = 7025FA2A2BFF2264001ADED8 /* ListOfFavoriteRecipeViewController.swift */; };
		7046FE882BCDBA2A00D2D67E /* Alamofire in Frameworks */ = {isa = PBXBuildFile; productRef = 7046FE872BCDBA2A00D2D67E /* Alamofire */; };
		7046FE922BCE6B9B00D2D67E /* RecipesResponses.swift in Sources */ = {isa = PBXBuildFile; fileRef = 7046FE912BCE6B9B00D2D67E /* RecipesResponses.swift */; };
		7046FE982BCE724D00D2D67E /* RecipesLoader.swift in Sources */ = {isa = PBXBuildFile; fileRef = 7046FE972BCE724D00D2D67E /* RecipesLoader.swift */; };
		7046FE9C2BCE730000D2D67E /* RecipesEndpoint.swift in Sources */ = {isa = PBXBuildFile; fileRef = 7046FE9B2BCE730000D2D67E /* RecipesEndpoint.swift */; };
		7046FE9E2BDBDED700D2D67E /* ImageLoader.swift in Sources */ = {isa = PBXBuildFile; fileRef = 7046FE9D2BDBDED700D2D67E /* ImageLoader.swift */; };
		704CCBC22C47B54F00FE8895 /* RecipesLoaderTests.swift in Sources */ = {isa = PBXBuildFile; fileRef = 704CCBC12C47B54F00FE8895 /* RecipesLoaderTests.swift */; };
		704CCBC42C484A6A00FE8895 /* ImageLoaderTests.swift in Sources */ = {isa = PBXBuildFile; fileRef = 704CCBC32C484A6A00FE8895 /* ImageLoaderTests.swift */; };
		704CCBC62C48F55D00FE8895 /* CoreDataManagerTests.swift in Sources */ = {isa = PBXBuildFile; fileRef = 704CCBC52C48F55D00FE8895 /* CoreDataManagerTests.swift */; };
		708AF1942BBBEDF300164C7A /* RecipeTableViewCell.swift in Sources */ = {isa = PBXBuildFile; fileRef = 708AF1922BBBEDF300164C7A /* RecipeTableViewCell.swift */; };
		708AF1952BBBEDF300164C7A /* RecipeTableViewCell.xib in Resources */ = {isa = PBXBuildFile; fileRef = 708AF1932BBBEDF300164C7A /* RecipeTableViewCell.xib */; };
		70A146422BB89ECA00C81CB4 /* AppDelegate.swift in Sources */ = {isa = PBXBuildFile; fileRef = 70A146412BB89ECA00C81CB4 /* AppDelegate.swift */; };
		70A146442BB89ECA00C81CB4 /* SceneDelegate.swift in Sources */ = {isa = PBXBuildFile; fileRef = 70A146432BB89ECA00C81CB4 /* SceneDelegate.swift */; };
		70A146492BB89ECA00C81CB4 /* Base in Resources */ = {isa = PBXBuildFile; fileRef = 70A146482BB89ECA00C81CB4 /* Base */; };
		70A1464B2BB89ECB00C81CB4 /* Assets.xcassets in Resources */ = {isa = PBXBuildFile; fileRef = 70A1464A2BB89ECB00C81CB4 /* Assets.xcassets */; };
		70A1464E2BB89ECB00C81CB4 /* Base in Resources */ = {isa = PBXBuildFile; fileRef = 70A1464D2BB89ECB00C81CB4 /* Base */; };
		70A146762BB8AAC800C81CB4 /* HomeViewController.swift in Sources */ = {isa = PBXBuildFile; fileRef = 70A146752BB8AAC800C81CB4 /* HomeViewController.swift */; };
		70A1467A2BB9A95500C81CB4 /* RecipeViewController.swift in Sources */ = {isa = PBXBuildFile; fileRef = 70A146792BB9A95500C81CB4 /* RecipeViewController.swift */; };
		70A1467C2BB9A99700C81CB4 /* ListOfRecipeViewController.swift in Sources */ = {isa = PBXBuildFile; fileRef = 70A1467B2BB9A99700C81CB4 /* ListOfRecipeViewController.swift */; };
		70F6FD0B2C388E3200E16413 /* CoreDataManager.swift in Sources */ = {isa = PBXBuildFile; fileRef = 70F6FD0A2C388E3200E16413 /* CoreDataManager.swift */; };
		70F7EEED2BC55CDF0098A476 /* Reciplease.xcdatamodeld in Sources */ = {isa = PBXBuildFile; fileRef = 70F7EEE92BC55CDF0098A476 /* Reciplease.xcdatamodeld */; };
/* End PBXBuildFile section */

/* Begin PBXContainerItemProxy section */
		7081BCCE2C47B4910029EDCF /* PBXContainerItemProxy */ = {
			isa = PBXContainerItemProxy;
			containerPortal = 70A146362BB89ECA00C81CB4 /* Project object */;
			proxyType = 1;
			remoteGlobalIDString = 70A1463D2BB89ECA00C81CB4;
			remoteInfo = Reciplease;
		};
/* End PBXContainerItemProxy section */

/* Begin PBXFileReference section */
		7010E40E2BC6B86F0048D08F /* config.swift */ = {isa = PBXFileReference; lastKnownFileType = sourcecode.swift; path = config.swift; sourceTree = "<group>"; };
		7025FA2A2BFF2264001ADED8 /* ListOfFavoriteRecipeViewController.swift */ = {isa = PBXFileReference; lastKnownFileType = sourcecode.swift; path = ListOfFavoriteRecipeViewController.swift; sourceTree = "<group>"; };
		7046FE912BCE6B9B00D2D67E /* RecipesResponses.swift */ = {isa = PBXFileReference; lastKnownFileType = sourcecode.swift; path = RecipesResponses.swift; sourceTree = "<group>"; };
		7046FE972BCE724D00D2D67E /* RecipesLoader.swift */ = {isa = PBXFileReference; lastKnownFileType = sourcecode.swift; path = RecipesLoader.swift; sourceTree = "<group>"; };
		7046FE9B2BCE730000D2D67E /* RecipesEndpoint.swift */ = {isa = PBXFileReference; lastKnownFileType = sourcecode.swift; path = RecipesEndpoint.swift; sourceTree = "<group>"; };
		7046FE9D2BDBDED700D2D67E /* ImageLoader.swift */ = {isa = PBXFileReference; lastKnownFileType = sourcecode.swift; path = ImageLoader.swift; sourceTree = "<group>"; };
		704CCBC12C47B54F00FE8895 /* RecipesLoaderTests.swift */ = {isa = PBXFileReference; lastKnownFileType = sourcecode.swift; path = RecipesLoaderTests.swift; sourceTree = "<group>"; };
		704CCBC32C484A6A00FE8895 /* ImageLoaderTests.swift */ = {isa = PBXFileReference; lastKnownFileType = sourcecode.swift; path = ImageLoaderTests.swift; sourceTree = "<group>"; };
		704CCBC52C48F55D00FE8895 /* CoreDataManagerTests.swift */ = {isa = PBXFileReference; lastKnownFileType = sourcecode.swift; path = CoreDataManagerTests.swift; sourceTree = "<group>"; };
		7081BCCA2C47B4910029EDCF /* RecipleaseTests.xctest */ = {isa = PBXFileReference; explicitFileType = wrapper.cfbundle; includeInIndex = 0; path = RecipleaseTests.xctest; sourceTree = BUILT_PRODUCTS_DIR; };
		708AF1922BBBEDF300164C7A /* RecipeTableViewCell.swift */ = {isa = PBXFileReference; lastKnownFileType = sourcecode.swift; path = RecipeTableViewCell.swift; sourceTree = "<group>"; };
		708AF1932BBBEDF300164C7A /* RecipeTableViewCell.xib */ = {isa = PBXFileReference; lastKnownFileType = file.xib; path = RecipeTableViewCell.xib; sourceTree = "<group>"; };
		70A1463E2BB89ECA00C81CB4 /* Reciplease.app */ = {isa = PBXFileReference; explicitFileType = wrapper.application; includeInIndex = 0; path = Reciplease.app; sourceTree = BUILT_PRODUCTS_DIR; };
		70A146412BB89ECA00C81CB4 /* AppDelegate.swift */ = {isa = PBXFileReference; lastKnownFileType = sourcecode.swift; path = AppDelegate.swift; sourceTree = "<group>"; };
		70A146432BB89ECA00C81CB4 /* SceneDelegate.swift */ = {isa = PBXFileReference; lastKnownFileType = sourcecode.swift; path = SceneDelegate.swift; sourceTree = "<group>"; };
		70A146482BB89ECA00C81CB4 /* Base */ = {isa = PBXFileReference; lastKnownFileType = file.storyboard; name = Base; path = Base.lproj/Main.storyboard; sourceTree = "<group>"; };
		70A1464A2BB89ECB00C81CB4 /* Assets.xcassets */ = {isa = PBXFileReference; lastKnownFileType = folder.assetcatalog; path = Assets.xcassets; sourceTree = "<group>"; };
		70A1464D2BB89ECB00C81CB4 /* Base */ = {isa = PBXFileReference; lastKnownFileType = file.storyboard; name = Base; path = Base.lproj/LaunchScreen.storyboard; sourceTree = "<group>"; };
		70A1464F2BB89ECB00C81CB4 /* Info.plist */ = {isa = PBXFileReference; lastKnownFileType = text.plist.xml; path = Info.plist; sourceTree = "<group>"; };
		70A146752BB8AAC800C81CB4 /* HomeViewController.swift */ = {isa = PBXFileReference; lastKnownFileType = sourcecode.swift; path = HomeViewController.swift; sourceTree = "<group>"; };
		70A146792BB9A95500C81CB4 /* RecipeViewController.swift */ = {isa = PBXFileReference; lastKnownFileType = sourcecode.swift; path = RecipeViewController.swift; sourceTree = "<group>"; };
		70A1467B2BB9A99700C81CB4 /* ListOfRecipeViewController.swift */ = {isa = PBXFileReference; lastKnownFileType = sourcecode.swift; path = ListOfRecipeViewController.swift; sourceTree = "<group>"; };
		70F6FD0A2C388E3200E16413 /* CoreDataManager.swift */ = {isa = PBXFileReference; lastKnownFileType = sourcecode.swift; path = CoreDataManager.swift; sourceTree = "<group>"; };
		70F7EEEC2BC55CDF0098A476 /* Reciplease.xcdatamodel */ = {isa = PBXFileReference; lastKnownFileType = wrapper.xcdatamodel; path = Reciplease.xcdatamodel; sourceTree = "<group>"; };
		70F7EEF42BC5695E0098A476 /* Reciplease.xctestplan */ = {isa = PBXFileReference; lastKnownFileType = text; path = Reciplease.xctestplan; sourceTree = "<group>"; };
/* End PBXFileReference section */

/* Begin PBXFrameworksBuildPhase section */
		7081BCC72C47B4910029EDCF /* Frameworks */ = {
			isa = PBXFrameworksBuildPhase;
			buildActionMask = 2147483647;
			files = (
			);
			runOnlyForDeploymentPostprocessing = 0;
		};
		70A1463B2BB89ECA00C81CB4 /* Frameworks */ = {
			isa = PBXFrameworksBuildPhase;
			buildActionMask = 2147483647;
			files = (
				7046FE882BCDBA2A00D2D67E /* Alamofire in Frameworks */,
			);
			runOnlyForDeploymentPostprocessing = 0;
		};
/* End PBXFrameworksBuildPhase section */

/* Begin PBXGroup section */
		7046FE902BCE6B7100D2D67E /* Response */ = {
			isa = PBXGroup;
			children = (
				7046FE912BCE6B9B00D2D67E /* RecipesResponses.swift */,
			);
			path = Response;
			sourceTree = "<group>";
		};
		7046FE962BCE723D00D2D67E /* Loader */ = {
			isa = PBXGroup;
			children = (
				7046FE972BCE724D00D2D67E /* RecipesLoader.swift */,
				7046FE9D2BDBDED700D2D67E /* ImageLoader.swift */,
			);
			path = Loader;
			sourceTree = "<group>";
		};
		7046FE992BCE72E900D2D67E /* Endpoint */ = {
			isa = PBXGroup;
			children = (
				7046FE9B2BCE730000D2D67E /* RecipesEndpoint.swift */,
			);
			path = Endpoint;
			sourceTree = "<group>";
		};
		7081BCCB2C47B4910029EDCF /* RecipleaseTests */ = {
			isa = PBXGroup;
			children = (
				704CCBC12C47B54F00FE8895 /* RecipesLoaderTests.swift */,
				704CCBC32C484A6A00FE8895 /* ImageLoaderTests.swift */,
				704CCBC52C48F55D00FE8895 /* CoreDataManagerTests.swift */,
			);
			path = RecipleaseTests;
			sourceTree = "<group>";
		};
		70A146352BB89ECA00C81CB4 = {
			isa = PBXGroup;
			children = (
				70F7EEF42BC5695E0098A476 /* Reciplease.xctestplan */,
				70A146402BB89ECA00C81CB4 /* Reciplease */,
				7081BCCB2C47B4910029EDCF /* RecipleaseTests */,
				70A1463F2BB89ECA00C81CB4 /* Products */,
			);
			sourceTree = "<group>";
		};
		70A1463F2BB89ECA00C81CB4 /* Products */ = {
			isa = PBXGroup;
			children = (
				70A1463E2BB89ECA00C81CB4 /* Reciplease.app */,
				7081BCCA2C47B4910029EDCF /* RecipleaseTests.xctest */,
			);
			name = Products;
			sourceTree = "<group>";
		};
		70A146402BB89ECA00C81CB4 /* Reciplease */ = {
			isa = PBXGroup;
			children = (
				70F7EEEB2BC55CDF0098A476 /* Model */,
				70A146742BB89F6D00C81CB4 /* Supporting files */,
				70A146732BB89F6100C81CB4 /* Controller */,
				70A146722BB89F5400C81CB4 /* View */,
				70A1464F2BB89ECB00C81CB4 /* Info.plist */,
			);
			path = Reciplease;
			sourceTree = "<group>";
		};
		70A146722BB89F5400C81CB4 /* View */ = {
			isa = PBXGroup;
			children = (
				70A146472BB89ECA00C81CB4 /* Main.storyboard */,
				708AF1922BBBEDF300164C7A /* RecipeTableViewCell.swift */,
				708AF1932BBBEDF300164C7A /* RecipeTableViewCell.xib */,
				70A1464C2BB89ECB00C81CB4 /* LaunchScreen.storyboard */,
			);
			path = View;
			sourceTree = "<group>";
		};
		70A146732BB89F6100C81CB4 /* Controller */ = {
			isa = PBXGroup;
			children = (
				70A146752BB8AAC800C81CB4 /* HomeViewController.swift */,
				70A146792BB9A95500C81CB4 /* RecipeViewController.swift */,
				70A1467B2BB9A99700C81CB4 /* ListOfRecipeViewController.swift */,
				7025FA2A2BFF2264001ADED8 /* ListOfFavoriteRecipeViewController.swift */,
			);
			path = Controller;
			sourceTree = "<group>";
		};
		70A146742BB89F6D00C81CB4 /* Supporting files */ = {
			isa = PBXGroup;
			children = (
				70A1464A2BB89ECB00C81CB4 /* Assets.xcassets */,
				70A146412BB89ECA00C81CB4 /* AppDelegate.swift */,
				70A146432BB89ECA00C81CB4 /* SceneDelegate.swift */,
			);
			path = "Supporting files";
			sourceTree = "<group>";
		};
		70F7EEEA2BC55CDF0098A476 /* CoreData */ = {
			isa = PBXGroup;
			children = (
				70F7EEE92BC55CDF0098A476 /* Reciplease.xcdatamodeld */,
				70F6FD0A2C388E3200E16413 /* CoreDataManager.swift */,
			);
			path = CoreData;
			sourceTree = "<group>";
		};
		70F7EEEB2BC55CDF0098A476 /* Model */ = {
			isa = PBXGroup;
			children = (
				7046FE992BCE72E900D2D67E /* Endpoint */,
				7046FE962BCE723D00D2D67E /* Loader */,
				7046FE902BCE6B7100D2D67E /* Response */,
				70F7EEEA2BC55CDF0098A476 /* CoreData */,
				7010E40E2BC6B86F0048D08F /* config.swift */,
			);
			path = Model;
			sourceTree = "<group>";
		};
/* End PBXGroup section */

/* Begin PBXNativeTarget section */
		7081BCC92C47B4910029EDCF /* RecipleaseTests */ = {
			isa = PBXNativeTarget;
			buildConfigurationList = 7081BCD02C47B4920029EDCF /* Build configuration list for PBXNativeTarget "RecipleaseTests" */;
			buildPhases = (
				7081BCC62C47B4910029EDCF /* Sources */,
				7081BCC72C47B4910029EDCF /* Frameworks */,
				7081BCC82C47B4910029EDCF /* Resources */,
			);
			buildRules = (
			);
			dependencies = (
				7081BCCF2C47B4910029EDCF /* PBXTargetDependency */,
			);
			name = RecipleaseTests;
			productName = RecipleaseTests;
			productReference = 7081BCCA2C47B4910029EDCF /* RecipleaseTests.xctest */;
			productType = "com.apple.product-type.bundle.unit-test";
		};
		70A1463D2BB89ECA00C81CB4 /* Reciplease */ = {
			isa = PBXNativeTarget;
			buildConfigurationList = 70A146682BB89ECB00C81CB4 /* Build configuration list for PBXNativeTarget "Reciplease" */;
			buildPhases = (
				70A1463A2BB89ECA00C81CB4 /* Sources */,
				70A1463B2BB89ECA00C81CB4 /* Frameworks */,
				70A1463C2BB89ECA00C81CB4 /* Resources */,
			);
			buildRules = (
			);
			dependencies = (
			);
			name = Reciplease;
			packageProductDependencies = (
				7046FE872BCDBA2A00D2D67E /* Alamofire */,
			);
			productName = Reciplease;
			productReference = 70A1463E2BB89ECA00C81CB4 /* Reciplease.app */;
			productType = "com.apple.product-type.application";
		};
/* End PBXNativeTarget section */

/* Begin PBXProject section */
		70A146362BB89ECA00C81CB4 /* Project object */ = {
			isa = PBXProject;
			attributes = {
				BuildIndependentTargetsInParallel = 1;
				LastSwiftUpdateCheck = 1540;
				LastUpgradeCheck = 1530;
				TargetAttributes = {
					7081BCC92C47B4910029EDCF = {
						CreatedOnToolsVersion = 15.4;
						TestTargetID = 70A1463D2BB89ECA00C81CB4;
					};
					70A1463D2BB89ECA00C81CB4 = {
						CreatedOnToolsVersion = 15.3;
					};
				};
			};
			buildConfigurationList = 70A146392BB89ECA00C81CB4 /* Build configuration list for PBXProject "Reciplease" */;
			compatibilityVersion = "Xcode 14.0";
			developmentRegion = en;
			hasScannedForEncodings = 0;
			knownRegions = (
				en,
				Base,
			);
			mainGroup = 70A146352BB89ECA00C81CB4;
			packageReferences = (
				7046FE862BCDAEEC00D2D67E /* XCRemoteSwiftPackageReference "Alamofire" */,
			);
			productRefGroup = 70A1463F2BB89ECA00C81CB4 /* Products */;
			projectDirPath = "";
			projectRoot = "";
			targets = (
				70A1463D2BB89ECA00C81CB4 /* Reciplease */,
				7081BCC92C47B4910029EDCF /* RecipleaseTests */,
			);
		};
/* End PBXProject section */

/* Begin PBXResourcesBuildPhase section */
		7081BCC82C47B4910029EDCF /* Resources */ = {
			isa = PBXResourcesBuildPhase;
			buildActionMask = 2147483647;
			files = (
			);
			runOnlyForDeploymentPostprocessing = 0;
		};
		70A1463C2BB89ECA00C81CB4 /* Resources */ = {
			isa = PBXResourcesBuildPhase;
			buildActionMask = 2147483647;
			files = (
				70A1464B2BB89ECB00C81CB4 /* Assets.xcassets in Resources */,
				70A1464E2BB89ECB00C81CB4 /* Base in Resources */,
				70A146492BB89ECA00C81CB4 /* Base in Resources */,
				708AF1952BBBEDF300164C7A /* RecipeTableViewCell.xib in Resources */,
			);
			runOnlyForDeploymentPostprocessing = 0;
		};
/* End PBXResourcesBuildPhase section */

/* Begin PBXSourcesBuildPhase section */
		7081BCC62C47B4910029EDCF /* Sources */ = {
			isa = PBXSourcesBuildPhase;
			buildActionMask = 2147483647;
			files = (
				704CCBC42C484A6A00FE8895 /* ImageLoaderTests.swift in Sources */,
				704CCBC62C48F55D00FE8895 /* CoreDataManagerTests.swift in Sources */,
				704CCBC22C47B54F00FE8895 /* RecipesLoaderTests.swift in Sources */,
			);
			runOnlyForDeploymentPostprocessing = 0;
		};
		70A1463A2BB89ECA00C81CB4 /* Sources */ = {
			isa = PBXSourcesBuildPhase;
			buildActionMask = 2147483647;
			files = (
				7046FE9C2BCE730000D2D67E /* RecipesEndpoint.swift in Sources */,
				70A146422BB89ECA00C81CB4 /* AppDelegate.swift in Sources */,
				7046FE982BCE724D00D2D67E /* RecipesLoader.swift in Sources */,
				70A146442BB89ECA00C81CB4 /* SceneDelegate.swift in Sources */,
				7025FA2B2BFF2264001ADED8 /* ListOfFavoriteRecipeViewController.swift in Sources */,
				7010E40F2BC6B86F0048D08F /* config.swift in Sources */,
				70F6FD0B2C388E3200E16413 /* CoreDataManager.swift in Sources */,
				7046FE922BCE6B9B00D2D67E /* RecipesResponses.swift in Sources */,
				708AF1942BBBEDF300164C7A /* RecipeTableViewCell.swift in Sources */,
				70F7EEED2BC55CDF0098A476 /* Reciplease.xcdatamodeld in Sources */,
				70A146762BB8AAC800C81CB4 /* HomeViewController.swift in Sources */,
				70A1467C2BB9A99700C81CB4 /* ListOfRecipeViewController.swift in Sources */,
				70A1467A2BB9A95500C81CB4 /* RecipeViewController.swift in Sources */,
				7046FE9E2BDBDED700D2D67E /* ImageLoader.swift in Sources */,
			);
			runOnlyForDeploymentPostprocessing = 0;
		};
/* End PBXSourcesBuildPhase section */

/* Begin PBXTargetDependency section */
		7081BCCF2C47B4910029EDCF /* PBXTargetDependency */ = {
			isa = PBXTargetDependency;
			target = 70A1463D2BB89ECA00C81CB4 /* Reciplease */;
			targetProxy = 7081BCCE2C47B4910029EDCF /* PBXContainerItemProxy */;
		};
/* End PBXTargetDependency section */

/* Begin PBXVariantGroup section */
		70A146472BB89ECA00C81CB4 /* Main.storyboard */ = {
			isa = PBXVariantGroup;
			children = (
				70A146482BB89ECA00C81CB4 /* Base */,
			);
			name = Main.storyboard;
			sourceTree = "<group>";
		};
		70A1464C2BB89ECB00C81CB4 /* LaunchScreen.storyboard */ = {
			isa = PBXVariantGroup;
			children = (
				70A1464D2BB89ECB00C81CB4 /* Base */,
			);
			name = LaunchScreen.storyboard;
			sourceTree = "<group>";
		};
/* End PBXVariantGroup section */

/* Begin XCBuildConfiguration section */
		7081BCD12C47B4920029EDCF /* Debug */ = {
			isa = XCBuildConfiguration;
			buildSettings = {
				BUNDLE_LOADER = "$(TEST_HOST)";
				CODE_SIGN_STYLE = Automatic;
				CURRENT_PROJECT_VERSION = 1;
				DEVELOPMENT_TEAM = S29RUQ396F;
				GENERATE_INFOPLIST_FILE = YES;
				IPHONEOS_DEPLOYMENT_TARGET = 17.5;
				MARKETING_VERSION = 1.0;
				PRODUCT_BUNDLE_IDENTIFIER = HECKERNICOLAS.RecipleaseTests;
				PRODUCT_NAME = "$(TARGET_NAME)";
				SWIFT_EMIT_LOC_STRINGS = NO;
				SWIFT_VERSION = 5.0;
				TARGETED_DEVICE_FAMILY = "1,2";
				TEST_HOST = "$(BUILT_PRODUCTS_DIR)/Reciplease.app/$(BUNDLE_EXECUTABLE_FOLDER_PATH)/Reciplease";
			};
			name = Debug;
		};
		7081BCD22C47B4920029EDCF /* Release */ = {
			isa = XCBuildConfiguration;
			buildSettings = {
				BUNDLE_LOADER = "$(TEST_HOST)";
				CODE_SIGN_STYLE = Automatic;
				CURRENT_PROJECT_VERSION = 1;
				DEVELOPMENT_TEAM = S29RUQ396F;
				GENERATE_INFOPLIST_FILE = YES;
				IPHONEOS_DEPLOYMENT_TARGET = 17.5;
				MARKETING_VERSION = 1.0;
				PRODUCT_BUNDLE_IDENTIFIER = HECKERNICOLAS.RecipleaseTests;
				PRODUCT_NAME = "$(TARGET_NAME)";
				SWIFT_EMIT_LOC_STRINGS = NO;
				SWIFT_VERSION = 5.0;
				TARGETED_DEVICE_FAMILY = "1,2";
				TEST_HOST = "$(BUILT_PRODUCTS_DIR)/Reciplease.app/$(BUNDLE_EXECUTABLE_FOLDER_PATH)/Reciplease";
			};
			name = Release;
		};
		70A146662BB89ECB00C81CB4 /* Debug */ = {
			isa = XCBuildConfiguration;
			buildSettings = {
				ALWAYS_SEARCH_USER_PATHS = NO;
				ASSETCATALOG_COMPILER_GENERATE_SWIFT_ASSET_SYMBOL_EXTENSIONS = YES;
				CLANG_ANALYZER_NONNULL = YES;
				CLANG_ANALYZER_NUMBER_OBJECT_CONVERSION = YES_AGGRESSIVE;
				CLANG_CXX_LANGUAGE_STANDARD = "gnu++20";
				CLANG_ENABLE_MODULES = YES;
				CLANG_ENABLE_OBJC_ARC = YES;
				CLANG_ENABLE_OBJC_WEAK = YES;
				CLANG_WARN_BLOCK_CAPTURE_AUTORELEASING = YES;
				CLANG_WARN_BOOL_CONVERSION = YES;
				CLANG_WARN_COMMA = YES;
				CLANG_WARN_CONSTANT_CONVERSION = YES;
				CLANG_WARN_DEPRECATED_OBJC_IMPLEMENTATIONS = YES;
				CLANG_WARN_DIRECT_OBJC_ISA_USAGE = YES_ERROR;
				CLANG_WARN_DOCUMENTATION_COMMENTS = YES;
				CLANG_WARN_EMPTY_BODY = YES;
				CLANG_WARN_ENUM_CONVERSION = YES;
				CLANG_WARN_INFINITE_RECURSION = YES;
				CLANG_WARN_INT_CONVERSION = YES;
				CLANG_WARN_NON_LITERAL_NULL_CONVERSION = YES;
				CLANG_WARN_OBJC_IMPLICIT_RETAIN_SELF = YES;
				CLANG_WARN_OBJC_LITERAL_CONVERSION = YES;
				CLANG_WARN_OBJC_ROOT_CLASS = YES_ERROR;
				CLANG_WARN_QUOTED_INCLUDE_IN_FRAMEWORK_HEADER = YES;
				CLANG_WARN_RANGE_LOOP_ANALYSIS = YES;
				CLANG_WARN_STRICT_PROTOTYPES = YES;
				CLANG_WARN_SUSPICIOUS_MOVE = YES;
				CLANG_WARN_UNGUARDED_AVAILABILITY = YES_AGGRESSIVE;
				CLANG_WARN_UNREACHABLE_CODE = YES;
				CLANG_WARN__DUPLICATE_METHOD_MATCH = YES;
				COPY_PHASE_STRIP = NO;
				DEBUG_INFORMATION_FORMAT = dwarf;
				ENABLE_STRICT_OBJC_MSGSEND = YES;
				ENABLE_TESTABILITY = YES;
				ENABLE_USER_SCRIPT_SANDBOXING = YES;
				GCC_C_LANGUAGE_STANDARD = gnu17;
				GCC_DYNAMIC_NO_PIC = NO;
				GCC_NO_COMMON_BLOCKS = YES;
				GCC_OPTIMIZATION_LEVEL = 0;
				GCC_PREPROCESSOR_DEFINITIONS = (
					"DEBUG=1",
					"$(inherited)",
				);
				GCC_WARN_64_TO_32_BIT_CONVERSION = YES;
				GCC_WARN_ABOUT_RETURN_TYPE = YES_ERROR;
				GCC_WARN_UNDECLARED_SELECTOR = YES;
				GCC_WARN_UNINITIALIZED_AUTOS = YES_AGGRESSIVE;
				GCC_WARN_UNUSED_FUNCTION = YES;
				GCC_WARN_UNUSED_VARIABLE = YES;
				IPHONEOS_DEPLOYMENT_TARGET = 17.0;
				LOCALIZATION_PREFERS_STRING_CATALOGS = YES;
				MTL_ENABLE_DEBUG_INFO = INCLUDE_SOURCE;
				MTL_FAST_MATH = YES;
				ONLY_ACTIVE_ARCH = YES;
				SDKROOT = iphoneos;
				SWIFT_ACTIVE_COMPILATION_CONDITIONS = "DEBUG $(inherited)";
				SWIFT_OPTIMIZATION_LEVEL = "-Onone";
			};
			name = Debug;
		};
		70A146672BB89ECB00C81CB4 /* Release */ = {
			isa = XCBuildConfiguration;
			buildSettings = {
				ALWAYS_SEARCH_USER_PATHS = NO;
				ASSETCATALOG_COMPILER_GENERATE_SWIFT_ASSET_SYMBOL_EXTENSIONS = YES;
				CLANG_ANALYZER_NONNULL = YES;
				CLANG_ANALYZER_NUMBER_OBJECT_CONVERSION = YES_AGGRESSIVE;
				CLANG_CXX_LANGUAGE_STANDARD = "gnu++20";
				CLANG_ENABLE_MODULES = YES;
				CLANG_ENABLE_OBJC_ARC = YES;
				CLANG_ENABLE_OBJC_WEAK = YES;
				CLANG_WARN_BLOCK_CAPTURE_AUTORELEASING = YES;
				CLANG_WARN_BOOL_CONVERSION = YES;
				CLANG_WARN_COMMA = YES;
				CLANG_WARN_CONSTANT_CONVERSION = YES;
				CLANG_WARN_DEPRECATED_OBJC_IMPLEMENTATIONS = YES;
				CLANG_WARN_DIRECT_OBJC_ISA_USAGE = YES_ERROR;
				CLANG_WARN_DOCUMENTATION_COMMENTS = YES;
				CLANG_WARN_EMPTY_BODY = YES;
				CLANG_WARN_ENUM_CONVERSION = YES;
				CLANG_WARN_INFINITE_RECURSION = YES;
				CLANG_WARN_INT_CONVERSION = YES;
				CLANG_WARN_NON_LITERAL_NULL_CONVERSION = YES;
				CLANG_WARN_OBJC_IMPLICIT_RETAIN_SELF = YES;
				CLANG_WARN_OBJC_LITERAL_CONVERSION = YES;
				CLANG_WARN_OBJC_ROOT_CLASS = YES_ERROR;
				CLANG_WARN_QUOTED_INCLUDE_IN_FRAMEWORK_HEADER = YES;
				CLANG_WARN_RANGE_LOOP_ANALYSIS = YES;
				CLANG_WARN_STRICT_PROTOTYPES = YES;
				CLANG_WARN_SUSPICIOUS_MOVE = YES;
				CLANG_WARN_UNGUARDED_AVAILABILITY = YES_AGGRESSIVE;
				CLANG_WARN_UNREACHABLE_CODE = YES;
				CLANG_WARN__DUPLICATE_METHOD_MATCH = YES;
				COPY_PHASE_STRIP = NO;
				DEBUG_INFORMATION_FORMAT = "dwarf-with-dsym";
				ENABLE_NS_ASSERTIONS = NO;
				ENABLE_STRICT_OBJC_MSGSEND = YES;
				ENABLE_USER_SCRIPT_SANDBOXING = YES;
				GCC_C_LANGUAGE_STANDARD = gnu17;
				GCC_NO_COMMON_BLOCKS = YES;
				GCC_WARN_64_TO_32_BIT_CONVERSION = YES;
				GCC_WARN_ABOUT_RETURN_TYPE = YES_ERROR;
				GCC_WARN_UNDECLARED_SELECTOR = YES;
				GCC_WARN_UNINITIALIZED_AUTOS = YES_AGGRESSIVE;
				GCC_WARN_UNUSED_FUNCTION = YES;
				GCC_WARN_UNUSED_VARIABLE = YES;
				IPHONEOS_DEPLOYMENT_TARGET = 17.0;
				LOCALIZATION_PREFERS_STRING_CATALOGS = YES;
				MTL_ENABLE_DEBUG_INFO = NO;
				MTL_FAST_MATH = YES;
				SDKROOT = iphoneos;
				SWIFT_COMPILATION_MODE = wholemodule;
				VALIDATE_PRODUCT = YES;
			};
			name = Release;
		};
		70A146692BB89ECB00C81CB4 /* Debug */ = {
			isa = XCBuildConfiguration;
			buildSettings = {
				ASSETCATALOG_COMPILER_APPICON_NAME = AppIcon;
				ASSETCATALOG_COMPILER_GLOBAL_ACCENT_COLOR_NAME = AccentColor;
				CODE_SIGN_STYLE = Automatic;
				CURRENT_PROJECT_VERSION = 1;
				DEVELOPMENT_TEAM = S29RUQ396F;
				GENERATE_INFOPLIST_FILE = YES;
				INFOPLIST_FILE = Reciplease/Info.plist;
				INFOPLIST_KEY_UIApplicationSupportsIndirectInputEvents = YES;
				INFOPLIST_KEY_UILaunchStoryboardName = LaunchScreen;
				INFOPLIST_KEY_UIMainStoryboardFile = Main;
				INFOPLIST_KEY_UISupportedInterfaceOrientations_iPad = "UIInterfaceOrientationPortrait UIInterfaceOrientationPortraitUpsideDown UIInterfaceOrientationLandscapeLeft UIInterfaceOrientationLandscapeRight";
				INFOPLIST_KEY_UISupportedInterfaceOrientations_iPhone = "UIInterfaceOrientationPortrait UIInterfaceOrientationLandscapeLeft UIInterfaceOrientationLandscapeRight";
				LD_RUNPATH_SEARCH_PATHS = (
					"$(inherited)",
					"@executable_path/Frameworks",
				);
				MARKETING_VERSION = 1.0;
				PRODUCT_BUNDLE_IDENTIFIER = HECKERNICOLAS.Reciplease;
				PRODUCT_NAME = "$(TARGET_NAME)";
				SUPPORTED_PLATFORMS = "iphoneos iphonesimulator";
				SUPPORTS_MACCATALYST = NO;
				SUPPORTS_MAC_DESIGNED_FOR_IPHONE_IPAD = NO;
				SUPPORTS_XR_DESIGNED_FOR_IPHONE_IPAD = NO;
				SWIFT_EMIT_LOC_STRINGS = YES;
				SWIFT_VERSION = 5.0;
				TARGETED_DEVICE_FAMILY = 1;
			};
			name = Debug;
		};
		70A1466A2BB89ECB00C81CB4 /* Release */ = {
			isa = XCBuildConfiguration;
			buildSettings = {
				ASSETCATALOG_COMPILER_APPICON_NAME = AppIcon;
				ASSETCATALOG_COMPILER_GLOBAL_ACCENT_COLOR_NAME = AccentColor;
				CODE_SIGN_STYLE = Automatic;
				CURRENT_PROJECT_VERSION = 1;
				DEVELOPMENT_TEAM = S29RUQ396F;
				GENERATE_INFOPLIST_FILE = YES;
				INFOPLIST_FILE = Reciplease/Info.plist;
				INFOPLIST_KEY_UIApplicationSupportsIndirectInputEvents = YES;
				INFOPLIST_KEY_UILaunchStoryboardName = LaunchScreen;
				INFOPLIST_KEY_UIMainStoryboardFile = Main;
				INFOPLIST_KEY_UISupportedInterfaceOrientations_iPad = "UIInterfaceOrientationPortrait UIInterfaceOrientationPortraitUpsideDown UIInterfaceOrientationLandscapeLeft UIInterfaceOrientationLandscapeRight";
				INFOPLIST_KEY_UISupportedInterfaceOrientations_iPhone = "UIInterfaceOrientationPortrait UIInterfaceOrientationLandscapeLeft UIInterfaceOrientationLandscapeRight";
				LD_RUNPATH_SEARCH_PATHS = (
					"$(inherited)",
					"@executable_path/Frameworks",
				);
				MARKETING_VERSION = 1.0;
				PRODUCT_BUNDLE_IDENTIFIER = HECKERNICOLAS.Reciplease;
				PRODUCT_NAME = "$(TARGET_NAME)";
				SUPPORTED_PLATFORMS = "iphoneos iphonesimulator";
				SUPPORTS_MACCATALYST = NO;
				SUPPORTS_MAC_DESIGNED_FOR_IPHONE_IPAD = NO;
				SUPPORTS_XR_DESIGNED_FOR_IPHONE_IPAD = NO;
				SWIFT_EMIT_LOC_STRINGS = YES;
				SWIFT_VERSION = 5.0;
				TARGETED_DEVICE_FAMILY = 1;
			};
			name = Release;
		};
/* End XCBuildConfiguration section */

/* Begin XCConfigurationList section */
		7081BCD02C47B4920029EDCF /* Build configuration list for PBXNativeTarget "RecipleaseTests" */ = {
			isa = XCConfigurationList;
			buildConfigurations = (
				7081BCD12C47B4920029EDCF /* Debug */,
				7081BCD22C47B4920029EDCF /* Release */,
			);
			defaultConfigurationIsVisible = 0;
			defaultConfigurationName = Release;
		};
		70A146392BB89ECA00C81CB4 /* Build configuration list for PBXProject "Reciplease" */ = {
			isa = XCConfigurationList;
			buildConfigurations = (
				70A146662BB89ECB00C81CB4 /* Debug */,
				70A146672BB89ECB00C81CB4 /* Release */,
			);
			defaultConfigurationIsVisible = 0;
			defaultConfigurationName = Release;
		};
		70A146682BB89ECB00C81CB4 /* Build configuration list for PBXNativeTarget "Reciplease" */ = {
			isa = XCConfigurationList;
			buildConfigurations = (
				70A146692BB89ECB00C81CB4 /* Debug */,
				70A1466A2BB89ECB00C81CB4 /* Release */,
			);
			defaultConfigurationIsVisible = 0;
			defaultConfigurationName = Release;
		};
/* End XCConfigurationList section */

/* Begin XCRemoteSwiftPackageReference section */
		7046FE862BCDAEEC00D2D67E /* XCRemoteSwiftPackageReference "Alamofire" */ = {
			isa = XCRemoteSwiftPackageReference;
			repositoryURL = "https://github.com/Alamofire/Alamofire.git";
			requirement = {
				kind = upToNextMajorVersion;
				minimumVersion = 5.9.1;
			};
		};
/* End XCRemoteSwiftPackageReference section */

/* Begin XCSwiftPackageProductDependency section */
		7046FE872BCDBA2A00D2D67E /* Alamofire */ = {
			isa = XCSwiftPackageProductDependency;
			package = 7046FE862BCDAEEC00D2D67E /* XCRemoteSwiftPackageReference "Alamofire" */;
			productName = Alamofire;
		};
/* End XCSwiftPackageProductDependency section */

/* Begin XCVersionGroup section */
		70F7EEE92BC55CDF0098A476 /* Reciplease.xcdatamodeld */ = {
			isa = XCVersionGroup;
			children = (
				70F7EEEC2BC55CDF0098A476 /* Reciplease.xcdatamodel */,
			);
			currentVersion = 70F7EEEC2BC55CDF0098A476 /* Reciplease.xcdatamodel */;
			name = Reciplease.xcdatamodeld;
			path = "/Users/nicolashecker/Documents/Développeur d'application IOS/Projet 10/HECKERNICOLAS_10_30032024/Reciplease/Reciplease/Model/CoreData/Reciplease.xcdatamodeld";
			sourceTree = "<group>";
			versionGroupType = wrapper.xcdatamodel;
		};
/* End XCVersionGroup section */
	};
	rootObject = 70A146362BB89ECA00C81CB4 /* Project object */;
}
